
Microsoft Visual Studio Solution File, Format Version 12.00
# Visual Studio 15
VisualStudioVersion = 15.0.27428.2037
MinimumVisualStudioVersion = 10.0.40219.1
Project("{FAE04EC0-301F-11D3-BF4B-00C04F79EFBC}") = "Conf", "Conf\Conf.csproj", "{D3704810-4F16-497C-ACB8-92B3A52D79AE}"
EndProject
Global
	GlobalSection(SolutionConfigurationPlatforms) = preSolution
		Debug|Any CPU = Debug|Any CPU
		Release|Any CPU = Release|Any CPU
	EndGlobalSection
	GlobalSection(ProjectConfigurationPlatforms) = postSolution
		{D3704810-4F16-497C-ACB8-92B3A52D79AE}.Debug|Any CPU.ActiveCfg = Debug|Any CPU
		{D3704810-4F16-497C-ACB8-92B3A52D79AE}.Debug|Any CPU.Build.0 = Debug|Any CPU
		{D3704810-4F16-497C-ACB8-92B3A52D79AE}.Release|Any CPU.ActiveCfg = Release|Any CPU
		{D3704810-4F16-497C-ACB8-92B3A52D79AE}.Release|Any CPU.Build.0 = Release|Any CPU
	EndGlobalSection
	GlobalSection(SolutionProperties) = preSolution
		HideSolutionNode = FALSE
	EndGlobalSection
	GlobalSection(ExtensibilityGlobals) = postSolution
		SolutionGuid = {C3F0ED4F-942E-469B-9375-05FF74A48D54}
	EndGlobalSection
EndGlobal
